
Microsoft Visual Studio Solution File, Format Version 12.00
# Visual Studio Version 16
VisualStudioVersion = 16.0.31019.35
MinimumVisualStudioVersion = 10.0.40219.1
Project("{FAE04EC0-301F-11D3-BF4B-00C04F79EFBC}") = "TEST.BlobStorage", "TEST.BlobStorage\TEST.BlobStorage.csproj", "{64FFCDB4-6195-4D1F-8A6F-EFA513A18D53}"
EndProject
Global
	GlobalSection(SolutionConfigurationPlatforms) = preSolution
		Debug|Any CPU = Debug|Any CPU
		Release|Any CPU = Release|Any CPU
	EndGlobalSection
	GlobalSection(ProjectConfigurationPlatforms) = postSolution
		{64FFCDB4-6195-4D1F-8A6F-EFA513A18D53}.Debug|Any CPU.ActiveCfg = Debug|Any CPU
		{64FFCDB4-6195-4D1F-8A6F-EFA513A18D53}.Debug|Any CPU.Build.0 = Debug|Any CPU
		{64FFCDB4-6195-4D1F-8A6F-EFA513A18D53}.Release|Any CPU.ActiveCfg = Release|Any CPU
		{64FFCDB4-6195-4D1F-8A6F-EFA513A18D53}.Release|Any CPU.Build.0 = Release|Any CPU
	EndGlobalSection
	GlobalSection(SolutionProperties) = preSolution
		HideSolutionNode = FALSE
	EndGlobalSection
	GlobalSection(ExtensibilityGlobals) = postSolution
		SolutionGuid = {90BA75FB-B6CB-41B4-A637-26E3EE5CD94F}
	EndGlobalSection
EndGlobal
